# Locked runtime tree for bot.py (resolved from requirements.txt, Python 3.14).
# Minimal set: direct deps + transitive only. Install with:
#   pip install -r requirements.lock
# Re-freeze after changing requirements.txt:
#   python -m venv /tmp/opencode/refreeze && /tmp/opencode/refreeze/bin/pip install -r requirements.txt && /tmp/opencode/refreeze/bin/pip freeze | grep -Ei '^(fastapi|uvicorn|pydantic|starlette|anyio|click|h11|annotated|pydantic-core|typing|sniffio|idna|exceptiongroup)-' > requirements.lock
annotated-doc==0.0.5
annotated-types==0.8.0
anyio==4.15.1
click==8.5.0
fastapi==0.141.1
h11==0.16.0
idna==3.20
pydantic==2.13.5
pydantic-core==2.46.5
starlette==1.7.0
typing-extensions==4.16.0
typing-inspection==0.4.4
uvicorn==0.54.0
